// !$*UTF8*$!
{
	archiveVersion = 1;
	classes = {
	};
	objectVersion = 46;
	objects = {

/* Begin PBXBuildFile section */
		FED0723F18287E1B00E76682 /* UIKit.framework in Frameworks */ = {isa = PBXBuildFile; fileRef = FED0723E18287E1B00E76682 /* UIKit.framework */; };
		FED0724118287E1B00E76682 /* Foundation.framework in Frameworks */ = {isa = PBXBuildFile; fileRef = FED0724018287E1B00E76682 /* Foundation.framework */; };
		FED0724318287E1B00E76682 /* CoreGraphics.framework in Frameworks */ = {isa = PBXBuildFile; fileRef = FED0724218287E1B00E76682 /* CoreGraphics.framework */; };
		FED0724918287E1B00E76682 /* InfoPlist.strings in Resources */ = {isa = PBXBuildFile; fileRef = FED0724718287E1B00E76682 /* InfoPlist.strings */; };
		FED0724B18287E1B00E76682 /* main.m in Sources */ = {isa = PBXBuildFile; fileRef = FED0724A18287E1B00E76682 /* main.m */; };
		FED0724F18287E1B00E76682 /* AppDelegate.m in Sources */ = {isa = PBXBuildFile; fileRef = FED0724E18287E1B00E76682 /* AppDelegate.m */; };
		FED0725118287E1B00E76682 /* Default.png in Resources */ = {isa = PBXBuildFile; fileRef = FED0725018287E1B00E76682 /* Default.png */; };
		FED0725318287E1B00E76682 /* Default@2x.png in Resources */ = {isa = PBXBuildFile; fileRef = FED0725218287E1B00E76682 /* Default@2x.png */; };
		FED0725518287E1B00E76682 /* Default-568h@2x.png in Resources */ = {isa = PBXBuildFile; fileRef = FED0725418287E1B00E76682 /* Default-568h@2x.png */; };
		FED0725818287E1B00E76682 /* ViewController.m in Sources */ = {isa = PBXBuildFile; fileRef = FED0725718287E1B00E76682 /* ViewController.m */; };
		FED0725B18287E1B00E76682 /* ViewController.xib in Resources */ = {isa = PBXBuildFile; fileRef = FED0725918287E1B00E76682 /* ViewController.xib */; };
		FED072621828DF5F00E76682 /* test.png in Resources */ = {isa = PBXBuildFile; fileRef = FED072611828DF5F00E76682 /* test.png */; };
/* End PBXBuildFile section */

/* Begin PBXFileReference section */
		FED0723B18287E1B00E76682 /* testJson.app */ = {isa = PBXFileReference; explicitFileType = wrapper.application; includeInIndex = 0; path = testJson.app; sourceTree = BUILT_PRODUCTS_DIR; };
		FED0723E18287E1B00E76682 /* UIKit.framework */ = {isa = PBXFileReference; lastKnownFileType = wrapper.framework; name = UIKit.framework; path = System/Library/Frameworks/UIKit.framework; sourceTree = SDKROOT; };
		FED0724018287E1B00E76682 /* Foundation.framework */ = {isa = PBXFileReference; lastKnownFileType = wrapper.framework; name = Foundation.framework; path = System/Library/Frameworks/Foundation.framework; sourceTree = SDKROOT; };
		FED0724218287E1B00E76682 /* CoreGraphics.framework */ = {isa = PBXFileReference; lastKnownFileType = wrapper.framework; name = CoreGraphics.framework; path = System/Library/Frameworks/CoreGraphics.framework; sourceTree = SDKROOT; };
		FED0724618287E1B00E76682 /* testJson-Info.plist */ = {isa = PBXFileReference; lastKnownFileType = text.plist.xml; path = "testJson-Info.plist"; sourceTree = "<group>"; };
		FED0724818287E1B00E76682 /* en */ = {isa = PBXFileReference; lastKnownFileType = text.plist.strings; name = en; path = en.lproj/InfoPlist.strings; sourceTree = "<group>"; };
		FED0724A18287E1B00E76682 /* main.m */ = {isa = PBXFileReference; lastKnownFileType = sourcecode.c.objc; path = main.m; sourceTree = "<group>"; };
		FED0724C18287E1B00E76682 /* testJson-Prefix.pch */ = {isa = PBXFileReference; lastKnownFileType = sourcecode.c.h; path = "testJson-Prefix.pch"; sourceTree = "<group>"; };
		FED0724D18287E1B00E76682 /* AppDelegate.h */ = {isa = PBXFileReference; lastKnownFileType = sourcecode.c.h; path = AppDelegate.h; sourceTree = "<group>"; };
		FED0724E18287E1B00E76682 /* AppDelegate.m */ = {isa = PBXFileReference; lastKnownFileType = sourcecode.c.objc; path = AppDelegate.m; sourceTree = "<group>"; };
		FED0725018287E1B00E76682 /* Default.png */ = {isa = PBXFileReference; lastKnownFileType = image.png; path = Default.png; sourceTree = "<group>"; };
		FED0725218287E1B00E76682 /* Default@2x.png */ = {isa = PBXFileReference; lastKnownFileType = image.png; path = "Default@2x.png"; sourceTree = "<group>"; };
		FED0725418287E1B00E76682 /* Default-568h@2x.png */ = {isa = PBXFileReference; lastKnownFileType = image.png; path = "Default-568h@2x.png"; sourceTree = "<group>"; };
		FED0725618287E1B00E76682 /* ViewController.h */ = {isa = PBXFileReference; lastKnownFileType = sourcecode.c.h; path = ViewController.h; sourceTree = "<group>"; };
		FED0725718287E1B00E76682 /* ViewController.m */ = {isa = PBXFileReference; lastKnownFileType = sourcecode.c.objc; path = ViewController.m; sourceTree = "<group>"; };
		FED0725A18287E1B00E76682 /* en */ = {isa = PBXFileReference; lastKnownFileType = file.xib; name = en; path = en.lproj/ViewController.xib; sourceTree = "<group>"; };
		FED072611828DF5F00E76682 /* test.png */ = {isa = PBXFileReference; lastKnownFileType = image.png; path = test.png; sourceTree = "<group>"; };
/* End PBXFileReference section */

/* Begin PBXFrameworksBuildPhase section */
		FED0723818287E1B00E76682 /* Frameworks */ = {
			isa = PBXFrameworksBuildPhase;
			buildActionMask = 2147483647;
			files = (
				FED0723F18287E1B00E76682 /* UIKit.framework in Frameworks */,
				FED0724118287E1B00E76682 /* Foundation.framework in Frameworks */,
				FED0724318287E1B00E76682 /* CoreGraphics.framework in Frameworks */,
			);
			runOnlyForDeploymentPostprocessing = 0;
		};
/* End PBXFrameworksBuildPhase section */

/* Begin PBXGroup section */
		FED0723218287E1B00E76682 = {
			isa = PBXGroup;
			children = (
				FED0724418287E1B00E76682 /* testJson */,
				FED0723D18287E1B00E76682 /* Frameworks */,
				FED0723C18287E1B00E76682 /* Products */,
			);
			sourceTree = "<group>";
		};
		FED0723C18287E1B00E76682 /* Products */ = {
			isa = PBXGroup;
			children = (
				FED0723B18287E1B00E76682 /* testJson.app */,
			);
			name = Products;
			sourceTree = "<group>";
		};
		FED0723D18287E1B00E76682 /* Frameworks */ = {
			isa = PBXGroup;
			children = (
				FED0723E18287E1B00E76682 /* UIKit.framework */,
				FED0724018287E1B00E76682 /* Foundation.framework */,
				FED0724218287E1B00E76682 /* CoreGraphics.framework */,
			);
			name = Frameworks;
			sourceTree = "<group>";
		};
		FED0724418287E1B00E76682 /* testJson */ = {
			isa = PBXGroup;
			children = (
				FED0724D18287E1B00E76682 /* AppDelegate.h */,
				FED0724E18287E1B00E76682 /* AppDelegate.m */,
				FED0725618287E1B00E76682 /* ViewController.h */,
				FED0725718287E1B00E76682 /* ViewController.m */,
				FED0725918287E1B00E76682 /* ViewController.xib */,
				FED0724518287E1B00E76682 /* Supporting Files */,
			);
			path = testJson;
			sourceTree = "<group>";
		};
		FED0724518287E1B00E76682 /* Supporting Files */ = {
			isa = PBXGroup;
			children = (
				FED072611828DF5F00E76682 /* test.png */,
				FED0724618287E1B00E76682 /* testJson-Info.plist */,
				FED0724718287E1B00E76682 /* InfoPlist.strings */,
				FED0724A18287E1B00E76682 /* main.m */,
				FED0724C18287E1B00E76682 /* testJson-Prefix.pch */,
				FED0725018287E1B00E76682 /* Default.png */,
				FED0725218287E1B00E76682 /* Default@2x.png */,
				FED0725418287E1B00E76682 /* Default-568h@2x.png */,
			);
			name = "Supporting Files";
			sourceTree = "<group>";
		};
/* End PBXGroup section */

/* Begin PBXNativeTarget section */
		FED0723A18287E1B00E76682 /* testJson */ = {
			isa = PBXNativeTarget;
			buildConfigurationList = FED0725E18287E1B00E76682 /* Build configuration list for PBXNativeTarget "testJson" */;
			buildPhases = (
				FED0723718287E1B00E76682 /* Sources */,
				FED0723818287E1B00E76682 /* Frameworks */,
				FED0723918287E1B00E76682 /* Resources */,
			);
			buildRules = (
			);
			dependencies = (
			);
			name = testJson;
			productName = testJson;
			productReference = FED0723B18287E1B00E76682 /* testJson.app */;
			productType = "com.apple.product-type.application";
		};
/* End PBXNativeTarget section */

/* Begin PBXProject section */
		FED0723318287E1B00E76682 /* Project object */ = {
			isa = PBXProject;
			attributes = {
				LastUpgradeCheck = 0460;
				ORGANIZATIONNAME = "佐筱猪";
			};
			buildConfigurationList = FED0723618287E1B00E76682 /* Build configuration list for PBXProject "testJson" */;
			compatibilityVersion = "Xcode 3.2";
			developmentRegion = English;
			hasScannedForEncodings = 0;
			knownRegions = (
				en,
			);
			mainGroup = FED0723218287E1B00E76682;
			productRefGroup = FED0723C18287E1B00E76682 /* Products */;
			projectDirPath = "";
			projectRoot = "";
			targets = (
				FED0723A18287E1B00E76682 /* testJson */,
			);
		};
/* End PBXProject section */

/* Begin PBXResourcesBuildPhase section */
		FED0723918287E1B00E76682 /* Resources */ = {
			isa = PBXResourcesBuildPhase;
			buildActionMask = 2147483647;
			files = (
				FED0724918287E1B00E76682 /* InfoPlist.strings in Resources */,
				FED0725118287E1B00E76682 /* Default.png in Resources */,
				FED0725318287E1B00E76682 /* Default@2x.png in Resources */,
				FED0725518287E1B00E76682 /* Default-568h@2x.png in Resources */,
				FED0725B18287E1B00E76682 /* ViewController.xib in Resources */,
				FED072621828DF5F00E76682 /* test.png in Resources */,
			);
			runOnlyForDeploymentPostprocessing = 0;
		};
/* End PBXResourcesBuildPhase section */

/* Begin PBXSourcesBuildPhase section */
		FED0723718287E1B00E76682 /* Sources */ = {
			isa = PBXSourcesBuildPhase;
			buildActionMask = 2147483647;
			files = (
				FED0724B18287E1B00E76682 /* main.m in Sources */,
				FED0724F18287E1B00E76682 /* AppDelegate.m in Sources */,
				FED0725818287E1B00E76682 /* ViewController.m in Sources */,
			);
			runOnlyForDeploymentPostprocessing = 0;
		};
/* End PBXSourcesBuildPhase section */

/* Begin PBXVariantGroup section */
		FED0724718287E1B00E76682 /* InfoPlist.strings */ = {
			isa = PBXVariantGroup;
			children = (
				FED0724818287E1B00E76682 /* en */,
			);
			name = InfoPlist.strings;
			sourceTree = "<group>";
		};
		FED0725918287E1B00E76682 /* ViewController.xib */ = {
			isa = PBXVariantGroup;
			children = (
				FED0725A18287E1B00E76682 /* en */,
			);
			name = ViewController.xib;
			sourceTree = "<group>";
		};
/* End PBXVariantGroup section */

/* Begin XCBuildConfiguration section */
		FED0725C18287E1B00E76682 /* Debug */ = {
			isa = XCBuildConfiguration;
			buildSettings = {
				ALWAYS_SEARCH_USER_PATHS = NO;
				CLANG_CXX_LANGUAGE_STANDARD = "gnu++0x";
				CLANG_CXX_LIBRARY = "libc++";
				CLANG_WARN_CONSTANT_CONVERSION = YES;
				CLANG_WARN_EMPTY_BODY = YES;
				CLANG_WARN_ENUM_CONVERSION = YES;
				CLANG_WARN_INT_CONVERSION = YES;
				CLANG_WARN__DUPLICATE_METHOD_MATCH = YES;
				"CODE_SIGN_IDENTITY[sdk=iphoneos*]" = "iPhone Developer";
				COPY_PHASE_STRIP = NO;
				GCC_C_LANGUAGE_STANDARD = gnu99;
				GCC_DYNAMIC_NO_PIC = NO;
				GCC_OPTIMIZATION_LEVEL = 0;
				GCC_PREPROCESSOR_DEFINITIONS = (
					"DEBUG=1",
					"$(inherited)",
				);
				GCC_SYMBOLS_PRIVATE_EXTERN = NO;
				GCC_WARN_ABOUT_RETURN_TYPE = YES;
				GCC_WARN_UNINITIALIZED_AUTOS = YES;
				GCC_WARN_UNUSED_VARIABLE = YES;
				IPHONEOS_DEPLOYMENT_TARGET = 6.1;
				ONLY_ACTIVE_ARCH = YES;
				SDKROOT = iphoneos;
			};
			name = Debug;
		};
		FED0725D18287E1B00E76682 /* Release */ = {
			isa = XCBuildConfiguration;
			buildSettings = {
				ALWAYS_SEARCH_USER_PATHS = NO;
				CLANG_CXX_LANGUAGE_STANDARD = "gnu++0x";
				CLANG_CXX_LIBRARY = "libc++";
				CLANG_WARN_CONSTANT_CONVERSION = YES;
				CLANG_WARN_EMPTY_BODY = YES;
				CLANG_WARN_ENUM_CONVERSION = YES;
				CLANG_WARN_INT_CONVERSION = YES;
				CLANG_WARN__DUPLICATE_METHOD_MATCH = YES;
				"CODE_SIGN_IDENTITY[sdk=iphoneos*]" = "iPhone Developer";
				COPY_PHASE_STRIP = YES;
				GCC_C_LANGUAGE_STANDARD = gnu99;
				GCC_WARN_ABOUT_RETURN_TYPE = YES;
				GCC_WARN_UNINITIALIZED_AUTOS = YES;
				GCC_WARN_UNUSED_VARIABLE = YES;
				IPHONEOS_DEPLOYMENT_TARGET = 6.1;
				OTHER_CFLAGS = "-DNS_BLOCK_ASSERTIONS=1";
				SDKROOT = iphoneos;
				VALIDATE_PRODUCT = YES;
			};
			name = Release;
		};
		FED0725F18287E1B00E76682 /* Debug */ = {
			isa = XCBuildConfiguration;
			buildSettings = {
				GCC_PRECOMPILE_PREFIX_HEADER = YES;
				GCC_PREFIX_HEADER = "testJson/testJson-Prefix.pch";
				INFOPLIST_FILE = "testJson/testJson-Info.plist";
				PRODUCT_NAME = "$(TARGET_NAME)";
				WRAPPER_EXTENSION = app;
			};
			name = Debug;
		};
		FED0726018287E1B00E76682 /* Release */ = {
			isa = XCBuildConfiguration;
			buildSettings = {
				GCC_PRECOMPILE_PREFIX_HEADER = YES;
				GCC_PREFIX_HEADER = "testJson/testJson-Prefix.pch";
				INFOPLIST_FILE = "testJson/testJson-Info.plist";
				PRODUCT_NAME = "$(TARGET_NAME)";
				WRAPPER_EXTENSION = app;
			};
			name = Release;
		};
/* End XCBuildConfiguration section */

/* Begin XCConfigurationList section */
		FED0723618287E1B00E76682 /* Build configuration list for PBXProject "testJson" */ = {
			isa = XCConfigurationList;
			buildConfigurations = (
				FED0725C18287E1B00E76682 /* Debug */,
				FED0725D18287E1B00E76682 /* Release */,
			);
			defaultConfigurationIsVisible = 0;
			defaultConfigurationName = Release;
		};
		FED0725E18287E1B00E76682 /* Build configuration list for PBXNativeTarget "testJson" */ = {
			isa = XCConfigurationList;
			buildConfigurations = (
				FED0725F18287E1B00E76682 /* Debug */,
				FED0726018287E1B00E76682 /* Release */,
			);
			defaultConfigurationIsVisible = 0;
		};
/* End XCConfigurationList section */
	};
	rootObject = FED0723318287E1B00E76682 /* Project object */;
}
